// !$*UTF8*$!
{
	archiveVersion = 1;
	classes = {
	};
	objectVersion = 46;
	objects = {

/* Begin PBXBuildFile section */
		680BDAAF19CC4CBD00BDCC8D /* AppDelegate.swift in Sources */ = {isa = PBXBuildFile; fileRef = 680BDAAE19CC4CBD00BDCC8D /* AppDelegate.swift */; };
		680BDAB119CC4CBD00BDCC8D /* ViewController.swift in Sources */ = {isa = PBXBuildFile; fileRef = 680BDAB019CC4CBD00BDCC8D /* ViewController.swift */; };
		680BDAB419CC4CBD00BDCC8D /* Main.storyboard in Resources */ = {isa = PBXBuildFile; fileRef = 680BDAB219CC4CBD00BDCC8D /* Main.storyboard */; };
		680BDAB619CC4CBD00BDCC8D /* Images.xcassets in Resources */ = {isa = PBXBuildFile; fileRef = 680BDAB519CC4CBD00BDCC8D /* Images.xcassets */; };
		680BDAB919CC4CBD00BDCC8D /* LaunchScreen.xib in Resources */ = {isa = PBXBuildFile; fileRef = 680BDAB719CC4CBD00BDCC8D /* LaunchScreen.xib */; };
		680BDAC519CC4CBD00BDCC8D /* Swiftify_iOSTests.swift in Sources */ = {isa = PBXBuildFile; fileRef = 680BDAC419CC4CBD00BDCC8D /* Swiftify_iOSTests.swift */; };
		680BDAD519CC625800BDCC8D /* LineChart.swift in Sources */ = {isa = PBXBuildFile; fileRef = 680BDAD419CC625800BDCC8D /* LineChart.swift */; };
		680BDADE19CC6E5100BDCC8D /* bundle.js in Resources */ = {isa = PBXBuildFile; fileRef = 680BDADD19CC6E5100BDCC8D /* bundle.js */; };
		6CEE4DE91AADA46200C77E87 /* DotLayer.swift in Sources */ = {isa = PBXBuildFile; fileRef = 6CEE4DE81AADA46200C77E87 /* DotLayer.swift */; };
/* End PBXBuildFile section */

/* Begin PBXContainerItemProxy section */
		680BDABF19CC4CBD00BDCC8D /* PBXContainerItemProxy */ = {
			isa = PBXContainerItemProxy;
			containerPortal = 680BDAA119CC4CBD00BDCC8D /* Project object */;
			proxyType = 1;
			remoteGlobalIDString = 680BDAA819CC4CBD00BDCC8D;
			remoteInfo = "Swiftify-iOS";
		};
/* End PBXContainerItemProxy section */

/* Begin PBXFileReference section */
		680BDAA919CC4CBD00BDCC8D /* Swiftify-iOS.app */ = {isa = PBXFileReference; explicitFileType = wrapper.application; includeInIndex = 0; path = "Swiftify-iOS.app"; sourceTree = BUILT_PRODUCTS_DIR; };
		680BDAAD19CC4CBD00BDCC8D /* Info.plist */ = {isa = PBXFileReference; lastKnownFileType = text.plist.xml; path = Info.plist; sourceTree = "<group>"; };
		680BDAAE19CC4CBD00BDCC8D /* AppDelegate.swift */ = {isa = PBXFileReference; lastKnownFileType = sourcecode.swift; path = AppDelegate.swift; sourceTree = "<group>"; };
		680BDAB019CC4CBD00BDCC8D /* ViewController.swift */ = {isa = PBXFileReference; lastKnownFileType = sourcecode.swift; path = ViewController.swift; sourceTree = "<group>"; };
		680BDAB319CC4CBD00BDCC8D /* Base */ = {isa = PBXFileReference; lastKnownFileType = file.storyboard; name = Base; path = Base.lproj/Main.storyboard; sourceTree = "<group>"; };
		680BDAB519CC4CBD00BDCC8D /* Images.xcassets */ = {isa = PBXFileReference; lastKnownFileType = folder.assetcatalog; path = Images.xcassets; sourceTree = "<group>"; };
		680BDAB819CC4CBD00BDCC8D /* Base */ = {isa = PBXFileReference; lastKnownFileType = file.xib; name = Base; path = Base.lproj/LaunchScreen.xib; sourceTree = "<group>"; };
		680BDABE19CC4CBD00BDCC8D /* Swiftify-iOSTests.xctest */ = {isa = PBXFileReference; explicitFileType = wrapper.cfbundle; includeInIndex = 0; path = "Swiftify-iOSTests.xctest"; sourceTree = BUILT_PRODUCTS_DIR; };
		680BDAC319CC4CBD00BDCC8D /* Info.plist */ = {isa = PBXFileReference; lastKnownFileType = text.plist.xml; path = Info.plist; sourceTree = "<group>"; };
		680BDAC419CC4CBD00BDCC8D /* Swiftify_iOSTests.swift */ = {isa = PBXFileReference; lastKnownFileType = sourcecode.swift; path = Swiftify_iOSTests.swift; sourceTree = "<group>"; };
		680BDAD419CC625800BDCC8D /* LineChart.swift */ = {isa = PBXFileReference; fileEncoding = 4; lastKnownFileType = sourcecode.swift; path = LineChart.swift; sourceTree = "<group>"; };
		680BDADD19CC6E5100BDCC8D /* bundle.js */ = {isa = PBXFileReference; fileEncoding = 4; lastKnownFileType = sourcecode.javascript; name = bundle.js; path = js/dist/bundle.js; sourceTree = "<group>"; };
		6CEE4DE81AADA46200C77E87 /* DotLayer.swift */ = {isa = PBXFileReference; fileEncoding = 4; lastKnownFileType = sourcecode.swift; path = DotLayer.swift; sourceTree = "<group>"; };
/* End PBXFileReference section */

/* Begin PBXFrameworksBuildPhase section */
		680BDAA619CC4CBD00BDCC8D /* Frameworks */ = {
			isa = PBXFrameworksBuildPhase;
			buildActionMask = 2147483647;
			files = (
			);
			runOnlyForDeploymentPostprocessing = 0;
		};
		680BDABB19CC4CBD00BDCC8D /* Frameworks */ = {
			isa = PBXFrameworksBuildPhase;
			buildActionMask = 2147483647;
			files = (
			);
			runOnlyForDeploymentPostprocessing = 0;
		};
/* End PBXFrameworksBuildPhase section */

/* Begin PBXGroup section */
		680BDAA019CC4CBD00BDCC8D = {
			isa = PBXGroup;
			children = (
				680BDAAB19CC4CBD00BDCC8D /* Swiftify-iOS */,
				680BDAC119CC4CBD00BDCC8D /* Swiftify-iOSTests */,
				680BDAAA19CC4CBD00BDCC8D /* Products */,
			);
			sourceTree = "<group>";
		};
		680BDAAA19CC4CBD00BDCC8D /* Products */ = {
			isa = PBXGroup;
			children = (
				680BDAA919CC4CBD00BDCC8D /* Swiftify-iOS.app */,
				680BDABE19CC4CBD00BDCC8D /* Swiftify-iOSTests.xctest */,
			);
			name = Products;
			sourceTree = "<group>";
		};
		680BDAAB19CC4CBD00BDCC8D /* Swiftify-iOS */ = {
			isa = PBXGroup;
			children = (
				680BDAAE19CC4CBD00BDCC8D /* AppDelegate.swift */,
				680BDAB019CC4CBD00BDCC8D /* ViewController.swift */,
				680BDAB219CC4CBD00BDCC8D /* Main.storyboard */,
				680BDADC19CC6E1100BDCC8D /* JS */,
				680BDADB19CC6DE900BDCC8D /* Line Chart */,
				680BDAB519CC4CBD00BDCC8D /* Images.xcassets */,
				680BDAB719CC4CBD00BDCC8D /* LaunchScreen.xib */,
				680BDAAC19CC4CBD00BDCC8D /* Supporting Files */,
			);
			path = "Swiftify-iOS";
			sourceTree = "<group>";
		};
		680BDAAC19CC4CBD00BDCC8D /* Supporting Files */ = {
			isa = PBXGroup;
			children = (
				680BDAAD19CC4CBD00BDCC8D /* Info.plist */,
			);
			name = "Supporting Files";
			sourceTree = "<group>";
		};
		680BDAC119CC4CBD00BDCC8D /* Swiftify-iOSTests */ = {
			isa = PBXGroup;
			children = (
				680BDAC419CC4CBD00BDCC8D /* Swiftify_iOSTests.swift */,
				680BDAC219CC4CBD00BDCC8D /* Supporting Files */,
			);
			path = "Swiftify-iOSTests";
			sourceTree = "<group>";
		};
		680BDAC219CC4CBD00BDCC8D /* Supporting Files */ = {
			isa = PBXGroup;
			children = (
				680BDAC319CC4CBD00BDCC8D /* Info.plist */,
			);
			name = "Supporting Files";
			sourceTree = "<group>";
		};
		680BDADB19CC6DE900BDCC8D /* Line Chart */ = {
			isa = PBXGroup;
			children = (
				680BDAD419CC625800BDCC8D /* LineChart.swift */,
				6CEE4DE81AADA46200C77E87 /* DotLayer.swift */,
			);
			name = "Line Chart";
			sourceTree = "<group>";
		};
		680BDADC19CC6E1100BDCC8D /* JS */ = {
			isa = PBXGroup;
			children = (
				680BDADD19CC6E5100BDCC8D /* bundle.js */,
			);
			name = JS;
			sourceTree = "<group>";
		};
/* End PBXGroup section */

/* Begin PBXNativeTarget section */
		680BDAA819CC4CBD00BDCC8D /* Swiftify-iOS */ = {
			isa = PBXNativeTarget;
			buildConfigurationList = 680BDAC819CC4CBD00BDCC8D /* Build configuration list for PBXNativeTarget "Swiftify-iOS" */;
			buildPhases = (
				680BDAA519CC4CBD00BDCC8D /* Sources */,
				680BDAA619CC4CBD00BDCC8D /* Frameworks */,
				680BDAA719CC4CBD00BDCC8D /* Resources */,
			);
			buildRules = (
			);
			dependencies = (
			);
			name = "Swiftify-iOS";
			productName = "Swiftify-iOS";
			productReference = 680BDAA919CC4CBD00BDCC8D /* Swiftify-iOS.app */;
			productType = "com.apple.product-type.application";
		};
		680BDABD19CC4CBD00BDCC8D /* Swiftify-iOSTests */ = {
			isa = PBXNativeTarget;
			buildConfigurationList = 680BDACB19CC4CBD00BDCC8D /* Build configuration list for PBXNativeTarget "Swiftify-iOSTests" */;
			buildPhases = (
				680BDABA19CC4CBD00BDCC8D /* Sources */,
				680BDABB19CC4CBD00BDCC8D /* Frameworks */,
				680BDABC19CC4CBD00BDCC8D /* Resources */,
			);
			buildRules = (
			);
			dependencies = (
				680BDAC019CC4CBD00BDCC8D /* PBXTargetDependency */,
			);
			name = "Swiftify-iOSTests";
			productName = "Swiftify-iOSTests";
			productReference = 680BDABE19CC4CBD00BDCC8D /* Swiftify-iOSTests.xctest */;
			productType = "com.apple.product-type.bundle.unit-test";
		};
/* End PBXNativeTarget section */

/* Begin PBXProject section */
		680BDAA119CC4CBD00BDCC8D /* Project object */ = {
			isa = PBXProject;
			attributes = {
				LastUpgradeCheck = 0600;
				ORGANIZATIONNAME = "Peter Marton";
				TargetAttributes = {
					680BDAA819CC4CBD00BDCC8D = {
						CreatedOnToolsVersion = 6.0.1;
					};
					680BDABD19CC4CBD00BDCC8D = {
						CreatedOnToolsVersion = 6.0.1;
						TestTargetID = 680BDAA819CC4CBD00BDCC8D;
					};
				};
			};
			buildConfigurationList = 680BDAA419CC4CBD00BDCC8D /* Build configuration list for PBXProject "Swiftify-iOS" */;
			compatibilityVersion = "Xcode 3.2";
			developmentRegion = English;
			hasScannedForEncodings = 0;
			knownRegions = (
				en,
				Base,
			);
			mainGroup = 680BDAA019CC4CBD00BDCC8D;
			productRefGroup = 680BDAAA19CC4CBD00BDCC8D /* Products */;
			projectDirPath = "";
			projectRoot = "";
			targets = (
				680BDAA819CC4CBD00BDCC8D /* Swiftify-iOS */,
				680BDABD19CC4CBD00BDCC8D /* Swiftify-iOSTests */,
			);
		};
/* End PBXProject section */

/* Begin PBXResourcesBuildPhase section */
		680BDAA719CC4CBD00BDCC8D /* Resources */ = {
			isa = PBXResourcesBuildPhase;
			buildActionMask = 2147483647;
			files = (
				680BDAB419CC4CBD00BDCC8D /* Main.storyboard in Resources */,
				680BDAB919CC4CBD00BDCC8D /* LaunchScreen.xib in Resources */,
				680BDADE19CC6E5100BDCC8D /* bundle.js in Resources */,
				680BDAB619CC4CBD00BDCC8D /* Images.xcassets in Resources */,
			);
			runOnlyForDeploymentPostprocessing = 0;
		};
		680BDABC19CC4CBD00BDCC8D /* Resources */ = {
			isa = PBXResourcesBuildPhase;
			buildActionMask = 2147483647;
			files = (
			);
			runOnlyForDeploymentPostprocessing = 0;
		};
/* End PBXResourcesBuildPhase section */

/* Begin PBXSourcesBuildPhase section */
		680BDAA519CC4CBD00BDCC8D /* Sources */ = {
			isa = PBXSourcesBuildPhase;
			buildActionMask = 2147483647;
			files = (
				680BDAB119CC4CBD00BDCC8D /* ViewController.swift in Sources */,
				6CEE4DE91AADA46200C77E87 /* DotLayer.swift in Sources */,
				680BDAAF19CC4CBD00BDCC8D /* AppDelegate.swift in Sources */,
				680BDAD519CC625800BDCC8D /* LineChart.swift in Sources */,
			);
			runOnlyForDeploymentPostprocessing = 0;
		};
		680BDABA19CC4CBD00BDCC8D /* Sources */ = {
			isa = PBXSourcesBuildPhase;
			buildActionMask = 2147483647;
			files = (
				680BDAC519CC4CBD00BDCC8D /* Swiftify_iOSTests.swift in Sources */,
			);
			runOnlyForDeploymentPostprocessing = 0;
		};
/* End PBXSourcesBuildPhase section */

/* Begin PBXTargetDependency section */
		680BDAC019CC4CBD00BDCC8D /* PBXTargetDependency */ = {
			isa = PBXTargetDependency;
			target = 680BDAA819CC4CBD00BDCC8D /* Swiftify-iOS */;
			targetProxy = 680BDABF19CC4CBD00BDCC8D /* PBXContainerItemProxy */;
		};
/* End PBXTargetDependency section */

/* Begin PBXVariantGroup section */
		680BDAB219CC4CBD00BDCC8D /* Main.storyboard */ = {
			isa = PBXVariantGroup;
			children = (
				680BDAB319CC4CBD00BDCC8D /* Base */,
			);
			name = Main.storyboard;
			sourceTree = "<group>";
		};
		680BDAB719CC4CBD00BDCC8D /* LaunchScreen.xib */ = {
			isa = PBXVariantGroup;
			children = (
				680BDAB819CC4CBD00BDCC8D /* Base */,
			);
			name = LaunchScreen.xib;
			sourceTree = "<group>";
		};
/* End PBXVariantGroup section */

/* Begin XCBuildConfiguration section */
		680BDAC619CC4CBD00BDCC8D /* Debug */ = {
			isa = XCBuildConfiguration;
			buildSettings = {
				ALWAYS_SEARCH_USER_PATHS = NO;
				CLANG_CXX_LANGUAGE_STANDARD = "gnu++0x";
				CLANG_CXX_LIBRARY = "libc++";
				CLANG_ENABLE_MODULES = YES;
				CLANG_ENABLE_OBJC_ARC = YES;
				CLANG_WARN_BOOL_CONVERSION = YES;
				CLANG_WARN_CONSTANT_CONVERSION = YES;
				CLANG_WARN_DIRECT_OBJC_ISA_USAGE = YES_ERROR;
				CLANG_WARN_EMPTY_BODY = YES;
				CLANG_WARN_ENUM_CONVERSION = YES;
				CLANG_WARN_INT_CONVERSION = YES;
				CLANG_WARN_OBJC_ROOT_CLASS = YES_ERROR;
				CLANG_WARN_UNREACHABLE_CODE = YES;
				CLANG_WARN__DUPLICATE_METHOD_MATCH = YES;
				"CODE_SIGN_IDENTITY[sdk=iphoneos*]" = "iPhone Developer";
				COPY_PHASE_STRIP = NO;
				ENABLE_STRICT_OBJC_MSGSEND = YES;
				GCC_C_LANGUAGE_STANDARD = gnu99;
				GCC_DYNAMIC_NO_PIC = NO;
				GCC_OPTIMIZATION_LEVEL = 0;
				GCC_PREPROCESSOR_DEFINITIONS = (
					"DEBUG=1",
					"$(inherited)",
				);
				GCC_SYMBOLS_PRIVATE_EXTERN = NO;
				GCC_WARN_64_TO_32_BIT_CONVERSION = YES;
				GCC_WARN_ABOUT_RETURN_TYPE = YES_ERROR;
				GCC_WARN_UNDECLARED_SELECTOR = YES;
				GCC_WARN_UNINITIALIZED_AUTOS = YES_AGGRESSIVE;
				GCC_WARN_UNUSED_FUNCTION = YES;
				GCC_WARN_UNUSED_VARIABLE = YES;
				IPHONEOS_DEPLOYMENT_TARGET = 8.0;
				MTL_ENABLE_DEBUG_INFO = YES;
				ONLY_ACTIVE_ARCH = YES;
				SDKROOT = iphoneos;
				SWIFT_OPTIMIZATION_LEVEL = "-Onone";
			};
			name = Debug;
		};
		680BDAC719CC4CBD00BDCC8D /* Release */ = {
			isa = XCBuildConfiguration;
			buildSettings = {
				ALWAYS_SEARCH_USER_PATHS = NO;
				CLANG_CXX_LANGUAGE_STANDARD = "gnu++0x";
				CLANG_CXX_LIBRARY = "libc++";
				CLANG_ENABLE_MODULES = YES;
				CLANG_ENABLE_OBJC_ARC = YES;
				CLANG_WARN_BOOL_CONVERSION = YES;
				CLANG_WARN_CONSTANT_CONVERSION = YES;
				CLANG_WARN_DIRECT_OBJC_ISA_USAGE = YES_ERROR;
				CLANG_WARN_EMPTY_BODY = YES;
				CLANG_WARN_ENUM_CONVERSION = YES;
				CLANG_WARN_INT_CONVERSION = YES;
				CLANG_WARN_OBJC_ROOT_CLASS = YES_ERROR;
				CLANG_WARN_UNREACHABLE_CODE = YES;
				CLANG_WARN__DUPLICATE_METHOD_MATCH = YES;
				"CODE_SIGN_IDENTITY[sdk=iphoneos*]" = "iPhone Developer";
				COPY_PHASE_STRIP = YES;
				ENABLE_NS_ASSERTIONS = NO;
				ENABLE_STRICT_OBJC_MSGSEND = YES;
				GCC_C_LANGUAGE_STANDARD = gnu99;
				GCC_WARN_64_TO_32_BIT_CONVERSION = YES;
				GCC_WARN_ABOUT_RETURN_TYPE = YES_ERROR;
				GCC_WARN_UNDECLARED_SELECTOR = YES;
				GCC_WARN_UNINITIALIZED_AUTOS = YES_AGGRESSIVE;
				GCC_WARN_UNUSED_FUNCTION = YES;
				GCC_WARN_UNUSED_VARIABLE = YES;
				IPHONEOS_DEPLOYMENT_TARGET = 8.0;
				MTL_ENABLE_DEBUG_INFO = NO;
				SDKROOT = iphoneos;
				VALIDATE_PRODUCT = YES;
			};
			name = Release;
		};
		680BDAC919CC4CBD00BDCC8D /* Debug */ = {
			isa = XCBuildConfiguration;
			buildSettings = {
				ASSETCATALOG_COMPILER_APPICON_NAME = AppIcon;
				INFOPLIST_FILE = "Swiftify-iOS/Info.plist";
				LD_RUNPATH_SEARCH_PATHS = "$(inherited) @executable_path/Frameworks";
				PRODUCT_NAME = "$(TARGET_NAME)";
			};
			name = Debug;
		};
		680BDACA19CC4CBD00BDCC8D /* Release */ = {
			isa = XCBuildConfiguration;
			buildSettings = {
				ASSETCATALOG_COMPILER_APPICON_NAME = AppIcon;
				INFOPLIST_FILE = "Swiftify-iOS/Info.plist";
				LD_RUNPATH_SEARCH_PATHS = "$(inherited) @executable_path/Frameworks";
				PRODUCT_NAME = "$(TARGET_NAME)";
			};
			name = Release;
		};
		680BDACC19CC4CBD00BDCC8D /* Debug */ = {
			isa = XCBuildConfiguration;
			buildSettings = {
				BUNDLE_LOADER = "$(TEST_HOST)";
				FRAMEWORK_SEARCH_PATHS = (
					"$(SDKROOT)/Developer/Library/Frameworks",
					"$(inherited)",
				);
				GCC_PREPROCESSOR_DEFINITIONS = (
					"DEBUG=1",
					"$(inherited)",
				);
				INFOPLIST_FILE = "Swiftify-iOSTests/Info.plist";
				LD_RUNPATH_SEARCH_PATHS = "$(inherited) @executable_path/Frameworks @loader_path/Frameworks";
				PRODUCT_NAME = "$(TARGET_NAME)";
				TEST_HOST = "$(BUILT_PRODUCTS_DIR)/Swiftify-iOS.app/Swiftify-iOS";
			};
			name = Debug;
		};
		680BDACD19CC4CBD00BDCC8D /* Release */ = {
			isa = XCBuildConfiguration;
			buildSettings = {
				BUNDLE_LOADER = "$(TEST_HOST)";
				FRAMEWORK_SEARCH_PATHS = (
					"$(SDKROOT)/Developer/Library/Frameworks",
					"$(inherited)",
				);
				INFOPLIST_FILE = "Swiftify-iOSTests/Info.plist";
				LD_RUNPATH_SEARCH_PATHS = "$(inherited) @executable_path/Frameworks @loader_path/Frameworks";
				PRODUCT_NAME = "$(TARGET_NAME)";
				TEST_HOST = "$(BUILT_PRODUCTS_DIR)/Swiftify-iOS.app/Swiftify-iOS";
			};
			name = Release;
		};
/* End XCBuildConfiguration section */

/* Begin XCConfigurationList section */
		680BDAA419CC4CBD00BDCC8D /* Build configuration list for PBXProject "Swiftify-iOS" */ = {
			isa = XCConfigurationList;
			buildConfigurations = (
				680BDAC619CC4CBD00BDCC8D /* Debug */,
				680BDAC719CC4CBD00BDCC8D /* Release */,
			);
			defaultConfigurationIsVisible = 0;
			defaultConfigurationName = Release;
		};
		680BDAC819CC4CBD00BDCC8D /* Build configuration list for PBXNativeTarget "Swiftify-iOS" */ = {
			isa = XCConfigurationList;
			buildConfigurations = (
				680BDAC919CC4CBD00BDCC8D /* Debug */,
				680BDACA19CC4CBD00BDCC8D /* Release */,
			);
			defaultConfigurationIsVisible = 0;
			defaultConfigurationName = Release;
		};
		680BDACB19CC4CBD00BDCC8D /* Build configuration list for PBXNativeTarget "Swiftify-iOSTests" */ = {
			isa = XCConfigurationList;
			buildConfigurations = (
				680BDACC19CC4CBD00BDCC8D /* Debug */,
				680BDACD19CC4CBD00BDCC8D /* Release */,
			);
			defaultConfigurationIsVisible = 0;
			defaultConfigurationName = Release;
		};
/* End XCConfigurationList section */
	};
	rootObject = 680BDAA119CC4CBD00BDCC8D /* Project object */;
}
